
Microsoft Visual Studio Solution File, Format Version 12.00
# Visual Studio 15
VisualStudioVersion = 15.0.28307.572
MinimumVisualStudioVersion = 10.0.40219.1
Project("{FAE04EC0-301F-11D3-BF4B-00C04F79EFBC}") = "DevTimeTracker", "DevTimeTracker\DevTimeTracker.csproj", "{23FA4AD8-24F8-43E5-BE8A-7B8A44C48FBC}"
EndProject
Project("{FAE04EC0-301F-11D3-BF4B-00C04F79EFBC}") = "UnitTests", "UnitTests\UnitTests.csproj", "{9DFF6935-AEC1-4950-9B89-F409E3B3768C}"
EndProject
Global
	GlobalSection(SolutionConfigurationPlatforms) = preSolution
		Debug|Any CPU = Debug|Any CPU
		Release|Any CPU = Release|Any CPU
	EndGlobalSection
	GlobalSection(ProjectConfigurationPlatforms) = postSolution
		{23FA4AD8-24F8-43E5-BE8A-7B8A44C48FBC}.Debug|Any CPU.ActiveCfg = Debug|Any CPU
		{23FA4AD8-24F8-43E5-BE8A-7B8A44C48FBC}.Debug|Any CPU.Build.0 = Debug|Any CPU
		{23FA4AD8-24F8-43E5-BE8A-7B8A44C48FBC}.Release|Any CPU.ActiveCfg = Release|Any CPU
		{23FA4AD8-24F8-43E5-BE8A-7B8A44C48FBC}.Release|Any CPU.Build.0 = Release|Any CPU
		{9DFF6935-AEC1-4950-9B89-F409E3B3768C}.Debug|Any CPU.ActiveCfg = Debug|Any CPU
		{9DFF6935-AEC1-4950-9B89-F409E3B3768C}.Debug|Any CPU.Build.0 = Debug|Any CPU
		{9DFF6935-AEC1-4950-9B89-F409E3B3768C}.Release|Any CPU.ActiveCfg = Release|Any CPU
		{9DFF6935-AEC1-4950-9B89-F409E3B3768C}.Release|Any CPU.Build.0 = Release|Any CPU
	EndGlobalSection
	GlobalSection(SolutionProperties) = preSolution
		HideSolutionNode = FALSE
	EndGlobalSection
	GlobalSection(ExtensibilityGlobals) = postSolution
		SolutionGuid = {279AB102-EF73-4C1C-A98F-8E67A0A466FA}
	EndGlobalSection
EndGlobal
